
Microsoft Visual Studio Solution File, Format Version 12.00
# Visual Studio Version 17
VisualStudioVersion = 17.6.33829.357
MinimumVisualStudioVersion = 10.0.40219.1
Project("{FAE04EC0-301F-11D3-BF4B-00C04F79EFBC}") = "NorthwindDataBase-MVC", "NorthwindDataBase-MVC\NorthwindDataBase-MVC.csproj", "{68774C73-2C36-4000-9077-3B5E75F05F79}"
EndProject
Global
	GlobalSection(SolutionConfigurationPlatforms) = preSolution
		Debug|Any CPU = Debug|Any CPU
		Release|Any CPU = Release|Any CPU
	EndGlobalSection
	GlobalSection(ProjectConfigurationPlatforms) = postSolution
		{68774C73-2C36-4000-9077-3B5E75F05F79}.Debug|Any CPU.ActiveCfg = Debug|Any CPU
		{68774C73-2C36-4000-9077-3B5E75F05F79}.Debug|Any CPU.Build.0 = Debug|Any CPU
		{68774C73-2C36-4000-9077-3B5E75F05F79}.Release|Any CPU.ActiveCfg = Release|Any CPU
		{68774C73-2C36-4000-9077-3B5E75F05F79}.Release|Any CPU.Build.0 = Release|Any CPU
	EndGlobalSection
	GlobalSection(SolutionProperties) = preSolution
		HideSolutionNode = FALSE
	EndGlobalSection
	GlobalSection(ExtensibilityGlobals) = postSolution
		SolutionGuid = {7628121E-9650-4B8E-B937-12E97541C160}
	EndGlobalSection
EndGlobal
